// !$*UTF8*$!
{
	archiveVersion = 1;
	classes = {
	};
	objectVersion = 46;
	objects = {

/* Begin PBXBuildFile section */
		06380E56572F1DCE6105BE83 /* libPods.a in Frameworks */ = {isa = PBXBuildFile; fileRef = B54A6CD3F3426144CC6768CC /* libPods.a */; };
		1816F4A21ACD3B0900BBCC96 /* NSBundle+SYPaginator.m in Sources */ = {isa = PBXBuildFile; fileRef = 1816F4951ACD3B0900BBCC96 /* NSBundle+SYPaginator.m */; };
		1816F4A31ACD3B0900BBCC96 /* SYPageControl.m in Sources */ = {isa = PBXBuildFile; fileRef = 1816F4971ACD3B0900BBCC96 /* SYPageControl.m */; };
		1816F4A41ACD3B0900BBCC96 /* SYPageView.m in Sources */ = {isa = PBXBuildFile; fileRef = 1816F4991ACD3B0900BBCC96 /* SYPageView.m */; };
		1816F4A51ACD3B0900BBCC96 /* SYPaginatorResources-Info.plist in Resources */ = {isa = PBXBuildFile; fileRef = 1816F49B1ACD3B0900BBCC96 /* SYPaginatorResources-Info.plist */; };
		1816F4A61ACD3B0900BBCC96 /* SYPaginatorScrollView.m in Sources */ = {isa = PBXBuildFile; fileRef = 1816F49D1ACD3B0900BBCC96 /* SYPaginatorScrollView.m */; };
		1816F4A71ACD3B0900BBCC96 /* SYPaginatorView.m in Sources */ = {isa = PBXBuildFile; fileRef = 1816F49F1ACD3B0900BBCC96 /* SYPaginatorView.m */; };
		1816F4A81ACD3B0900BBCC96 /* SYPaginatorViewController.m in Sources */ = {isa = PBXBuildFile; fileRef = 1816F4A11ACD3B0900BBCC96 /* SYPaginatorViewController.m */; };
		1816F4AC1ACE74C000BBCC96 /* Carwash.storyboard in Resources */ = {isa = PBXBuildFile; fileRef = 1816F4AA1ACE74C000BBCC96 /* Carwash.storyboard */; };
		1816F4B01ACE75FB00BBCC96 /* CarWashTableVC.m in Sources */ = {isa = PBXBuildFile; fileRef = 1816F4AF1ACE75FB00BBCC96 /* CarWashTableVC.m */; };
		1816F4B41ACE767200BBCC96 /* UIStoryboard+Expansion.m in Sources */ = {isa = PBXBuildFile; fileRef = 1816F4B31ACE767200BBCC96 /* UIStoryboard+Expansion.m */; };
		1816F4B81AD36D9E00BBCC96 /* JTRatingView.m in Sources */ = {isa = PBXBuildFile; fileRef = 1816F4B71AD36D9E00BBCC96 /* JTRatingView.m */; };
		1816F4BD1AD3A8AD00BBCC96 /* JTNavigationController.m in Sources */ = {isa = PBXBuildFile; fileRef = 1816F4BC1AD3A8AD00BBCC96 /* JTNavigationController.m */; };
		184E40C31AD3B3BE00EFC3A6 /* UIBarButtonItem+CustomStyle.m in Sources */ = {isa = PBXBuildFile; fileRef = 184E40C21AD3B3BE00EFC3A6 /* UIBarButtonItem+CustomStyle.m */; };
		184E40C61AD3B58F00EFC3A6 /* UIView+Layer.m in Sources */ = {isa = PBXBuildFile; fileRef = 184E40C51AD3B58F00EFC3A6 /* UIView+Layer.m */; };
		184E40CA1AD3B6DC00EFC3A6 /* JTTableViewCell.m in Sources */ = {isa = PBXBuildFile; fileRef = 184E40C91AD3B6DC00EFC3A6 /* JTTableViewCell.m */; };
		184E40CE1AD3BBB600EFC3A6 /* ShopDetailVC.m in Sources */ = {isa = PBXBuildFile; fileRef = 184E40CD1AD3BBB600EFC3A6 /* ShopDetailVC.m */; };
		184E40D21AD3D01B00EFC3A6 /* JTShop.m in Sources */ = {isa = PBXBuildFile; fileRef = 184E40D11AD3D01B00EFC3A6 /* JTShop.m */; };
		187532D31ACCDEEF004CB777 /* HomePageVC.m in Sources */ = {isa = PBXBuildFile; fileRef = 187532D21ACCDEEF004CB777 /* HomePageVC.m */; };
		1883D8F31ACB99AC002A4D19 /* LaunchScreen.xib in Resources */ = {isa = PBXBuildFile; fileRef = 1883D8F11ACB99AC002A4D19 /* LaunchScreen.xib */; };
		1883D8FF1ACB99AC002A4D19 /* XiaoMaTests.m in Sources */ = {isa = PBXBuildFile; fileRef = 1883D8FE1ACB99AC002A4D19 /* XiaoMaTests.m */; };
		1883D9101ACBBE30002A4D19 /* main.m in Sources */ = {isa = PBXBuildFile; fileRef = 1883D90F1ACBBE30002A4D19 /* main.m */; };
		1883D9141ACBBE5E002A4D19 /* Images.xcassets in Resources */ = {isa = PBXBuildFile; fileRef = 1883D9131ACBBE5E002A4D19 /* Images.xcassets */; };
		1883D9191ACBC2E0002A4D19 /* AppDelegate.m in Sources */ = {isa = PBXBuildFile; fileRef = 1883D9181ACBC2E0002A4D19 /* AppDelegate.m */; };
		1883D9221ACBC418002A4D19 /* Main.storyboard in Resources */ = {isa = PBXBuildFile; fileRef = 1883D9201ACBC418002A4D19 /* Main.storyboard */; };
		1883D9271ACCD6C0002A4D19 /* MainTabBarVC.m in Sources */ = {isa = PBXBuildFile; fileRef = 1883D9261ACCD6C0002A4D19 /* MainTabBarVC.m */; };
		1883D9331ACCDA8B002A4D19 /* DefaultStyleModel.m in Sources */ = {isa = PBXBuildFile; fileRef = 1883D9321ACCDA8B002A4D19 /* DefaultStyleModel.m */; };
		189B30AF1AD4D661001D7288 /* JTLabel.m in Sources */ = {isa = PBXBuildFile; fileRef = 189B30AC1AD4D661001D7288 /* JTLabel.m */; };
		189B30B01AD4D661001D7288 /* JTTableViewController.m in Sources */ = {isa = PBXBuildFile; fileRef = 189B30AE1AD4D661001D7288 /* JTTableViewController.m */; };
		189B30B31AD4F7AC001D7288 /* UIView+CustomForXIB.m in Sources */ = {isa = PBXBuildFile; fileRef = 189B30B21AD4F7AC001D7288 /* UIView+CustomForXIB.m */; };
		189B30B71AD50627001D7288 /* PayForWashCarVC.m in Sources */ = {isa = PBXBuildFile; fileRef = 189B30B61AD50627001D7288 /* PayForWashCarVC.m */; };
		189B30BA1AD51EF2001D7288 /* JTUser.m in Sources */ = {isa = PBXBuildFile; fileRef = 189B30B91AD51EF2001D7288 /* JTUser.m */; };
		189B30BD1AD524EC001D7288 /* AppManager.m in Sources */ = {isa = PBXBuildFile; fileRef = 189B30BC1AD524EC001D7288 /* AppManager.m */; };
		189B30C01AD62E57001D7288 /* PaymentSuccessVC.m in Sources */ = {isa = PBXBuildFile; fileRef = 189B30BF1AD62E57001D7288 /* PaymentSuccessVC.m */; };
		189B30C31AD64310001D7288 /* ChooseCarwashTicketVC.m in Sources */ = {isa = PBXBuildFile; fileRef = 189B30C21AD64310001D7288 /* ChooseCarwashTicketVC.m */; };
		189B30C71AD664D7001D7288 /* InsuranceVC.m in Sources */ = {isa = PBXBuildFile; fileRef = 189B30C61AD664D7001D7288 /* InsuranceVC.m */; };
		189B30CA1AD664F5001D7288 /* Insurance.storyboard in Resources */ = {isa = PBXBuildFile; fileRef = 189B30C81AD664F5001D7288 /* Insurance.storyboard */; };
		189B30CD1AD762B1001D7288 /* EnquiryInsuranceVC.m in Sources */ = {isa = PBXBuildFile; fileRef = 189B30CC1AD762B1001D7288 /* EnquiryInsuranceVC.m */; };
		189B30D41AD799AF001D7288 /* RACSignal+Extension.m in Sources */ = {isa = PBXBuildFile; fileRef = 189B30D31AD799AF001D7288 /* RACSignal+Extension.m */; };
		189B30FF1AD7A85A001D7288 /* Common.storyboard in Resources */ = {isa = PBXBuildFile; fileRef = 189B30FD1AD7A85A001D7288 /* Common.storyboard */; };
		189B31031AD7A935001D7288 /* DatePackerVC.m in Sources */ = {isa = PBXBuildFile; fileRef = 189B31021AD7A935001D7288 /* DatePackerVC.m */; };
		189B31061AD7B7F5001D7288 /* UIView+Shake.m in Sources */ = {isa = PBXBuildFile; fileRef = 189B31051AD7B7F5001D7288 /* UIView+Shake.m */; };
		189B31091AD7C5B3001D7288 /* InsuranceDirectSellingVC.m in Sources */ = {isa = PBXBuildFile; fileRef = 189B31081AD7C5B3001D7288 /* InsuranceDirectSellingVC.m */; };
		189B310C1ADA499C001D7288 /* EnquiryResultVC.m in Sources */ = {isa = PBXBuildFile; fileRef = 189B310B1ADA499C001D7288 /* EnquiryResultVC.m */; };
		189B31101ADA597D001D7288 /* UploadInfomationVC.m in Sources */ = {isa = PBXBuildFile; fileRef = 189B310F1ADA597D001D7288 /* UploadInfomationVC.m */; };
		189B31141ADB60AE001D7288 /* JGActionSheet.m in Sources */ = {isa = PBXBuildFile; fileRef = 189B31131ADB60AD001D7288 /* JGActionSheet.m */; };
		189B31161ADBDF07001D7288 /* MobileCoreServices.framework in Frameworks */ = {isa = PBXBuildFile; fileRef = 189B31151ADBDF07001D7288 /* MobileCoreServices.framework */; };
		189B311A1ADBEBE8001D7288 /* PolicyInfomationVC.m in Sources */ = {isa = PBXBuildFile; fileRef = 189B31191ADBEBE8001D7288 /* PolicyInfomationVC.m */; };
		189B311D1ADBEFDF001D7288 /* policy.json in Resources */ = {isa = PBXBuildFile; fileRef = 189B311C1ADBEFDF001D7288 /* policy.json */; };
/* End PBXBuildFile section */

/* Begin PBXContainerItemProxy section */
		1883D8F91ACB99AC002A4D19 /* PBXContainerItemProxy */ = {
			isa = PBXContainerItemProxy;
			containerPortal = 1883D8D71ACB99AC002A4D19 /* Project object */;
			proxyType = 1;
			remoteGlobalIDString = 1883D8DE1ACB99AC002A4D19;
			remoteInfo = XiaoMa;
		};
/* End PBXContainerItemProxy section */

/* Begin PBXFileReference section */
		1816F4941ACD3B0900BBCC96 /* NSBundle+SYPaginator.h */ = {isa = PBXFileReference; fileEncoding = 4; lastKnownFileType = sourcecode.c.h; path = "NSBundle+SYPaginator.h"; sourceTree = "<group>"; };
		1816F4951ACD3B0900BBCC96 /* NSBundle+SYPaginator.m */ = {isa = PBXFileReference; fileEncoding = 4; lastKnownFileType = sourcecode.c.objc; path = "NSBundle+SYPaginator.m"; sourceTree = "<group>"; };
		1816F4961ACD3B0900BBCC96 /* SYPageControl.h */ = {isa = PBXFileReference; fileEncoding = 4; lastKnownFileType = sourcecode.c.h; path = SYPageControl.h; sourceTree = "<group>"; };
		1816F4971ACD3B0900BBCC96 /* SYPageControl.m */ = {isa = PBXFileReference; fileEncoding = 4; lastKnownFileType = sourcecode.c.objc; path = SYPageControl.m; sourceTree = "<group>"; };
		1816F4981ACD3B0900BBCC96 /* SYPageView.h */ = {isa = PBXFileReference; fileEncoding = 4; lastKnownFileType = sourcecode.c.h; path = SYPageView.h; sourceTree = "<group>"; };
		1816F4991ACD3B0900BBCC96 /* SYPageView.m */ = {isa = PBXFileReference; fileEncoding = 4; lastKnownFileType = sourcecode.c.objc; path = SYPageView.m; sourceTree = "<group>"; };
		1816F49A1ACD3B0900BBCC96 /* SYPaginator.h */ = {isa = PBXFileReference; fileEncoding = 4; lastKnownFileType = sourcecode.c.h; path = SYPaginator.h; sourceTree = "<group>"; };
		1816F49B1ACD3B0900BBCC96 /* SYPaginatorResources-Info.plist */ = {isa = PBXFileReference; fileEncoding = 4; lastKnownFileType = text.plist.xml; path = "SYPaginatorResources-Info.plist"; sourceTree = "<group>"; };
		1816F49C1ACD3B0900BBCC96 /* SYPaginatorScrollView.h */ = {isa = PBXFileReference; fileEncoding = 4; lastKnownFileType = sourcecode.c.h; path = SYPaginatorScrollView.h; sourceTree = "<group>"; };
		1816F49D1ACD3B0900BBCC96 /* SYPaginatorScrollView.m */ = {isa = PBXFileReference; fileEncoding = 4; lastKnownFileType = sourcecode.c.objc; path = SYPaginatorScrollView.m; sourceTree = "<group>"; };
		1816F49E1ACD3B0900BBCC96 /* SYPaginatorView.h */ = {isa = PBXFileReference; fileEncoding = 4; lastKnownFileType = sourcecode.c.h; path = SYPaginatorView.h; sourceTree = "<group>"; };
		1816F49F1ACD3B0900BBCC96 /* SYPaginatorView.m */ = {isa = PBXFileReference; fileEncoding = 4; lastKnownFileType = sourcecode.c.objc; path = SYPaginatorView.m; sourceTree = "<group>"; };
		1816F4A01ACD3B0900BBCC96 /* SYPaginatorViewController.h */ = {isa = PBXFileReference; fileEncoding = 4; lastKnownFileType = sourcecode.c.h; path = SYPaginatorViewController.h; sourceTree = "<group>"; };
		1816F4A11ACD3B0900BBCC96 /* SYPaginatorViewController.m */ = {isa = PBXFileReference; fileEncoding = 4; lastKnownFileType = sourcecode.c.objc; path = SYPaginatorViewController.m; sourceTree = "<group>"; };
		1816F4AB1ACE74C000BBCC96 /* Base */ = {isa = PBXFileReference; lastKnownFileType = file.storyboard; name = Base; path = XiaoMa/Base.lproj/Carwash.storyboard; sourceTree = SOURCE_ROOT; };
		1816F4AE1ACE75FB00BBCC96 /* CarWashTableVC.h */ = {isa = PBXFileReference; fileEncoding = 4; lastKnownFileType = sourcecode.c.h; path = CarWashTableVC.h; sourceTree = "<group>"; };
		1816F4AF1ACE75FB00BBCC96 /* CarWashTableVC.m */ = {isa = PBXFileReference; fileEncoding = 4; lastKnownFileType = sourcecode.c.objc; path = CarWashTableVC.m; sourceTree = "<group>"; };
		1816F4B21ACE767200BBCC96 /* UIStoryboard+Expansion.h */ = {isa = PBXFileReference; fileEncoding = 4; lastKnownFileType = sourcecode.c.h; name = "UIStoryboard+Expansion.h"; path = "Class/UIStoryboard+Expansion.h"; sourceTree = "<group>"; };
		1816F4B31ACE767200BBCC96 /* UIStoryboard+Expansion.m */ = {isa = PBXFileReference; fileEncoding = 4; lastKnownFileType = sourcecode.c.objc; name = "UIStoryboard+Expansion.m"; path = "Class/UIStoryboard+Expansion.m"; sourceTree = "<group>"; };
		1816F4B61AD36D9E00BBCC96 /* JTRatingView.h */ = {isa = PBXFileReference; fileEncoding = 4; lastKnownFileType = sourcecode.c.h; name = JTRatingView.h; path = Class/JTRatingView.h; sourceTree = "<group>"; };
		1816F4B71AD36D9E00BBCC96 /* JTRatingView.m */ = {isa = PBXFileReference; fileEncoding = 4; lastKnownFileType = sourcecode.c.objc; name = JTRatingView.m; path = Class/JTRatingView.m; sourceTree = "<group>"; };
		1816F4BB1AD3A8AD00BBCC96 /* JTNavigationController.h */ = {isa = PBXFileReference; fileEncoding = 4; lastKnownFileType = sourcecode.c.h; name = JTNavigationController.h; path = Class/JTNavigationController.h; sourceTree = "<group>"; };
		1816F4BC1AD3A8AD00BBCC96 /* JTNavigationController.m */ = {isa = PBXFileReference; fileEncoding = 4; lastKnownFileType = sourcecode.c.objc; name = JTNavigationController.m; path = Class/JTNavigationController.m; sourceTree = "<group>"; };
		184E40C11AD3B3BE00EFC3A6 /* UIBarButtonItem+CustomStyle.h */ = {isa = PBXFileReference; fileEncoding = 4; lastKnownFileType = sourcecode.c.h; name = "UIBarButtonItem+CustomStyle.h"; path = "Class/UIBarButtonItem+CustomStyle.h"; sourceTree = "<group>"; };
		184E40C21AD3B3BE00EFC3A6 /* UIBarButtonItem+CustomStyle.m */ = {isa = PBXFileReference; fileEncoding = 4; lastKnownFileType = sourcecode.c.objc; name = "UIBarButtonItem+CustomStyle.m"; path = "Class/UIBarButtonItem+CustomStyle.m"; sourceTree = "<group>"; };
		184E40C41AD3B58F00EFC3A6 /* UIView+Layer.h */ = {isa = PBXFileReference; fileEncoding = 4; lastKnownFileType = sourcecode.c.h; name = "UIView+Layer.h"; path = "Class/UIView+Layer.h"; sourceTree = "<group>"; };
		184E40C51AD3B58F00EFC3A6 /* UIView+Layer.m */ = {isa = PBXFileReference; fileEncoding = 4; lastKnownFileType = sourcecode.c.objc; name = "UIView+Layer.m"; path = "Class/UIView+Layer.m"; sourceTree = "<group>"; };
		184E40C81AD3B6DC00EFC3A6 /* JTTableViewCell.h */ = {isa = PBXFileReference; fileEncoding = 4; lastKnownFileType = sourcecode.c.h; name = JTTableViewCell.h; path = Class/JTTableViewCell.h; sourceTree = "<group>"; };
		184E40C91AD3B6DC00EFC3A6 /* JTTableViewCell.m */ = {isa = PBXFileReference; fileEncoding = 4; lastKnownFileType = sourcecode.c.objc; name = JTTableViewCell.m; path = Class/JTTableViewCell.m; sourceTree = "<group>"; };
		184E40CC1AD3BBB600EFC3A6 /* ShopDetailVC.h */ = {isa = PBXFileReference; fileEncoding = 4; lastKnownFileType = sourcecode.c.h; path = ShopDetailVC.h; sourceTree = "<group>"; };
		184E40CD1AD3BBB600EFC3A6 /* ShopDetailVC.m */ = {isa = PBXFileReference; fileEncoding = 4; lastKnownFileType = sourcecode.c.objc; path = ShopDetailVC.m; sourceTree = "<group>"; };
		184E40D01AD3D01B00EFC3A6 /* JTShop.h */ = {isa = PBXFileReference; fileEncoding = 4; lastKnownFileType = sourcecode.c.h; name = JTShop.h; path = Class/JTShop.h; sourceTree = "<group>"; };
		184E40D11AD3D01B00EFC3A6 /* JTShop.m */ = {isa = PBXFileReference; fileEncoding = 4; lastKnownFileType = sourcecode.c.objc; name = JTShop.m; path = Class/JTShop.m; sourceTree = "<group>"; };
		187532D01ACCDD58004CB777 /* Contants.h */ = {isa = PBXFileReference; lastKnownFileType = sourcecode.c.h; name = Contants.h; path = Class/Contants.h; sourceTree = "<group>"; };
		187532D11ACCDEEF004CB777 /* HomePageVC.h */ = {isa = PBXFileReference; fileEncoding = 4; lastKnownFileType = sourcecode.c.h; path = HomePageVC.h; sourceTree = "<group>"; };
		187532D21ACCDEEF004CB777 /* HomePageVC.m */ = {isa = PBXFileReference; fileEncoding = 4; lastKnownFileType = sourcecode.c.objc; path = HomePageVC.m; sourceTree = "<group>"; };
		1883D8DF1ACB99AC002A4D19 /* XiaoMa.app */ = {isa = PBXFileReference; explicitFileType = wrapper.application; includeInIndex = 0; path = XiaoMa.app; sourceTree = BUILT_PRODUCTS_DIR; };
		1883D8F21ACB99AC002A4D19 /* Base */ = {isa = PBXFileReference; lastKnownFileType = file.xib; name = Base; path = Base.lproj/LaunchScreen.xib; sourceTree = "<group>"; };
		1883D8F81ACB99AC002A4D19 /* XiaoMaTests.xctest */ = {isa = PBXFileReference; explicitFileType = wrapper.cfbundle; includeInIndex = 0; path = XiaoMaTests.xctest; sourceTree = BUILT_PRODUCTS_DIR; };
		1883D8FD1ACB99AC002A4D19 /* Info.plist */ = {isa = PBXFileReference; lastKnownFileType = text.plist.xml; path = Info.plist; sourceTree = "<group>"; };
		1883D8FE1ACB99AC002A4D19 /* XiaoMaTests.m */ = {isa = PBXFileReference; lastKnownFileType = sourcecode.c.objc; path = XiaoMaTests.m; sourceTree = "<group>"; };
		1883D90F1ACBBE30002A4D19 /* main.m */ = {isa = PBXFileReference; fileEncoding = 4; lastKnownFileType = sourcecode.c.objc; name = main.m; path = Misc/main.m; sourceTree = "<group>"; };
		1883D9131ACBBE5E002A4D19 /* Images.xcassets */ = {isa = PBXFileReference; lastKnownFileType = folder.assetcatalog; path = Images.xcassets; sourceTree = "<group>"; };
		1883D9171ACBC2E0002A4D19 /* AppDelegate.h */ = {isa = PBXFileReference; fileEncoding = 4; lastKnownFileType = sourcecode.c.h; name = AppDelegate.h; path = Class/AppDelegate.h; sourceTree = "<group>"; };
		1883D9181ACBC2E0002A4D19 /* AppDelegate.m */ = {isa = PBXFileReference; fileEncoding = 4; lastKnownFileType = sourcecode.c.objc; name = AppDelegate.m; path = Class/AppDelegate.m; sourceTree = "<group>"; };
		1883D9211ACBC418002A4D19 /* Base */ = {isa = PBXFileReference; lastKnownFileType = file.storyboard; name = Base; path = XiaoMa/Base.lproj/Main.storyboard; sourceTree = SOURCE_ROOT; };
		1883D9231ACBC4A9002A4D19 /* XiaoMa.h */ = {isa = PBXFileReference; lastKnownFileType = sourcecode.c.h; name = XiaoMa.h; path = Class/XiaoMa.h; sourceTree = "<group>"; };
		1883D9251ACCD6C0002A4D19 /* MainTabBarVC.h */ = {isa = PBXFileReference; fileEncoding = 4; lastKnownFileType = sourcecode.c.h; path = MainTabBarVC.h; sourceTree = "<group>"; };
		1883D9261ACCD6C0002A4D19 /* MainTabBarVC.m */ = {isa = PBXFileReference; fileEncoding = 4; lastKnownFileType = sourcecode.c.objc; path = MainTabBarVC.m; sourceTree = "<group>"; };
		1883D9311ACCDA8B002A4D19 /* DefaultStyleModel.h */ = {isa = PBXFileReference; fileEncoding = 4; lastKnownFileType = sourcecode.c.h; name = DefaultStyleModel.h; path = Class/DefaultStyleModel.h; sourceTree = "<group>"; };
		1883D9321ACCDA8B002A4D19 /* DefaultStyleModel.m */ = {isa = PBXFileReference; fileEncoding = 4; lastKnownFileType = sourcecode.c.objc; name = DefaultStyleModel.m; path = Class/DefaultStyleModel.m; sourceTree = "<group>"; };
		189B30AB1AD4D661001D7288 /* JTLabel.h */ = {isa = PBXFileReference; fileEncoding = 4; lastKnownFileType = sourcecode.c.h; name = JTLabel.h; path = Class/JTLabel.h; sourceTree = "<group>"; };
		189B30AC1AD4D661001D7288 /* JTLabel.m */ = {isa = PBXFileReference; fileEncoding = 4; lastKnownFileType = sourcecode.c.objc; name = JTLabel.m; path = Class/JTLabel.m; sourceTree = "<group>"; };
		189B30AD1AD4D661001D7288 /* JTTableViewController.h */ = {isa = PBXFileReference; fileEncoding = 4; lastKnownFileType = sourcecode.c.h; name = JTTableViewController.h; path = Class/JTTableViewController.h; sourceTree = "<group>"; };
		189B30AE1AD4D661001D7288 /* JTTableViewController.m */ = {isa = PBXFileReference; fileEncoding = 4; lastKnownFileType = sourcecode.c.objc; name = JTTableViewController.m; path = Class/JTTableViewController.m; sourceTree = "<group>"; };
		189B30B11AD4F7AC001D7288 /* UIView+CustomForXIB.h */ = {isa = PBXFileReference; fileEncoding = 4; lastKnownFileType = sourcecode.c.h; name = "UIView+CustomForXIB.h"; path = "Class/UIView+CustomForXIB.h"; sourceTree = "<group>"; };
		189B30B21AD4F7AC001D7288 /* UIView+CustomForXIB.m */ = {isa = PBXFileReference; fileEncoding = 4; lastKnownFileType = sourcecode.c.objc; name = "UIView+CustomForXIB.m"; path = "Class/UIView+CustomForXIB.m"; sourceTree = "<group>"; };
		189B30B51AD50627001D7288 /* PayForWashCarVC.h */ = {isa = PBXFileReference; fileEncoding = 4; lastKnownFileType = sourcecode.c.h; path = PayForWashCarVC.h; sourceTree = "<group>"; };
		189B30B61AD50627001D7288 /* PayForWashCarVC.m */ = {isa = PBXFileReference; fileEncoding = 4; lastKnownFileType = sourcecode.c.objc; path = PayForWashCarVC.m; sourceTree = "<group>"; };
		189B30B81AD51EF2001D7288 /* JTUser.h */ = {isa = PBXFileReference; fileEncoding = 4; lastKnownFileType = sourcecode.c.h; name = JTUser.h; path = Class/JTUser.h; sourceTree = "<group>"; };
		189B30B91AD51EF2001D7288 /* JTUser.m */ = {isa = PBXFileReference; fileEncoding = 4; lastKnownFileType = sourcecode.c.objc; name = JTUser.m; path = Class/JTUser.m; sourceTree = "<group>"; };
		189B30BB1AD524EC001D7288 /* AppManager.h */ = {isa = PBXFileReference; fileEncoding = 4; lastKnownFileType = sourcecode.c.h; name = AppManager.h; path = Class/AppManager.h; sourceTree = "<group>"; };
		189B30BC1AD524EC001D7288 /* AppManager.m */ = {isa = PBXFileReference; fileEncoding = 4; lastKnownFileType = sourcecode.c.objc; name = AppManager.m; path = Class/AppManager.m; sourceTree = "<group>"; };
		189B30BE1AD62E57001D7288 /* PaymentSuccessVC.h */ = {isa = PBXFileReference; fileEncoding = 4; lastKnownFileType = sourcecode.c.h; path = PaymentSuccessVC.h; sourceTree = "<group>"; };
		189B30BF1AD62E57001D7288 /* PaymentSuccessVC.m */ = {isa = PBXFileReference; fileEncoding = 4; lastKnownFileType = sourcecode.c.objc; path = PaymentSuccessVC.m; sourceTree = "<group>"; };
		189B30C11AD64310001D7288 /* ChooseCarwashTicketVC.h */ = {isa = PBXFileReference; fileEncoding = 4; lastKnownFileType = sourcecode.c.h; path = ChooseCarwashTicketVC.h; sourceTree = "<group>"; };
		189B30C21AD64310001D7288 /* ChooseCarwashTicketVC.m */ = {isa = PBXFileReference; fileEncoding = 4; lastKnownFileType = sourcecode.c.objc; path = ChooseCarwashTicketVC.m; sourceTree = "<group>"; };
		189B30C51AD664D7001D7288 /* InsuranceVC.h */ = {isa = PBXFileReference; fileEncoding = 4; lastKnownFileType = sourcecode.c.h; path = InsuranceVC.h; sourceTree = "<group>"; };
		189B30C61AD664D7001D7288 /* InsuranceVC.m */ = {isa = PBXFileReference; fileEncoding = 4; lastKnownFileType = sourcecode.c.objc; path = InsuranceVC.m; sourceTree = "<group>"; };
		189B30C91AD664F5001D7288 /* Base */ = {isa = PBXFileReference; lastKnownFileType = file.storyboard; name = Base; path = XiaoMa/Base.lproj/Insurance.storyboard; sourceTree = SOURCE_ROOT; };
		189B30CB1AD762B1001D7288 /* EnquiryInsuranceVC.h */ = {isa = PBXFileReference; fileEncoding = 4; lastKnownFileType = sourcecode.c.h; path = EnquiryInsuranceVC.h; sourceTree = "<group>"; };
		189B30CC1AD762B1001D7288 /* EnquiryInsuranceVC.m */ = {isa = PBXFileReference; fileEncoding = 4; lastKnownFileType = sourcecode.c.objc; path = EnquiryInsuranceVC.m; sourceTree = "<group>"; };
		189B30D21AD799AF001D7288 /* RACSignal+Extension.h */ = {isa = PBXFileReference; fileEncoding = 4; lastKnownFileType = sourcecode.c.h; name = "RACSignal+Extension.h"; path = "Class/RACSignal+Extension.h"; sourceTree = "<group>"; };
		189B30D31AD799AF001D7288 /* RACSignal+Extension.m */ = {isa = PBXFileReference; fileEncoding = 4; lastKnownFileType = sourcecode.c.objc; name = "RACSignal+Extension.m"; path = "Class/RACSignal+Extension.m"; sourceTree = "<group>"; };
		189B30FE1AD7A85A001D7288 /* Base */ = {isa = PBXFileReference; lastKnownFileType = file.storyboard; name = Base; path = XiaoMa/Base.lproj/Common.storyboard; sourceTree = SOURCE_ROOT; };
		189B31011AD7A935001D7288 /* DatePackerVC.h */ = {isa = PBXFileReference; fileEncoding = 4; lastKnownFileType = sourcecode.c.h; path = DatePackerVC.h; sourceTree = "<group>"; };
		189B31021AD7A935001D7288 /* DatePackerVC.m */ = {isa = PBXFileReference; fileEncoding = 4; lastKnownFileType = sourcecode.c.objc; path = DatePackerVC.m; sourceTree = "<group>"; };
		189B31041AD7B7F5001D7288 /* UIView+Shake.h */ = {isa = PBXFileReference; fileEncoding = 4; lastKnownFileType = sourcecode.c.h; name = "UIView+Shake.h"; path = "Class/UIView+Shake.h"; sourceTree = "<group>"; };
		189B31051AD7B7F5001D7288 /* UIView+Shake.m */ = {isa = PBXFileReference; fileEncoding = 4; lastKnownFileType = sourcecode.c.objc; name = "UIView+Shake.m"; path = "Class/UIView+Shake.m"; sourceTree = "<group>"; };
		189B31071AD7C5B3001D7288 /* InsuranceDirectSellingVC.h */ = {isa = PBXFileReference; fileEncoding = 4; lastKnownFileType = sourcecode.c.h; path = InsuranceDirectSellingVC.h; sourceTree = "<group>"; };
		189B31081AD7C5B3001D7288 /* InsuranceDirectSellingVC.m */ = {isa = PBXFileReference; fileEncoding = 4; lastKnownFileType = sourcecode.c.objc; path = InsuranceDirectSellingVC.m; sourceTree = "<group>"; };
		189B310A1ADA499C001D7288 /* EnquiryResultVC.h */ = {isa = PBXFileReference; fileEncoding = 4; lastKnownFileType = sourcecode.c.h; path = EnquiryResultVC.h; sourceTree = "<group>"; };
		189B310B1ADA499C001D7288 /* EnquiryResultVC.m */ = {isa = PBXFileReference; fileEncoding = 4; lastKnownFileType = sourcecode.c.objc; path = EnquiryResultVC.m; sourceTree = "<group>"; };
		189B310E1ADA597D001D7288 /* UploadInfomationVC.h */ = {isa = PBXFileReference; fileEncoding = 4; lastKnownFileType = sourcecode.c.h; path = UploadInfomationVC.h; sourceTree = "<group>"; };
		189B310F1ADA597D001D7288 /* UploadInfomationVC.m */ = {isa = PBXFileReference; fileEncoding = 4; lastKnownFileType = sourcecode.c.objc; path = UploadInfomationVC.m; sourceTree = "<group>"; };
		189B31121ADB60AD001D7288 /* JGActionSheet.h */ = {isa = PBXFileReference; fileEncoding = 4; lastKnownFileType = sourcecode.c.h; path = JGActionSheet.h; sourceTree = "<group>"; };
		189B31131ADB60AD001D7288 /* JGActionSheet.m */ = {isa = PBXFileReference; fileEncoding = 4; lastKnownFileType = sourcecode.c.objc; path = JGActionSheet.m; sourceTree = "<group>"; };
		189B31151ADBDF07001D7288 /* MobileCoreServices.framework */ = {isa = PBXFileReference; lastKnownFileType = wrapper.framework; name = MobileCoreServices.framework; path = System/Library/Frameworks/MobileCoreServices.framework; sourceTree = SDKROOT; };
		189B31181ADBEBE8001D7288 /* PolicyInfomationVC.h */ = {isa = PBXFileReference; fileEncoding = 4; lastKnownFileType = sourcecode.c.h; path = PolicyInfomationVC.h; sourceTree = "<group>"; };
		189B31191ADBEBE8001D7288 /* PolicyInfomationVC.m */ = {isa = PBXFileReference; fileEncoding = 4; lastKnownFileType = sourcecode.c.objc; path = PolicyInfomationVC.m; sourceTree = "<group>"; };
		189B311C1ADBEFDF001D7288 /* policy.json */ = {isa = PBXFileReference; fileEncoding = 4; lastKnownFileType = text.json; path = policy.json; sourceTree = "<group>"; };
		5F0CC23904D0FBCA1BB95DFB /* Pods.debug.xcconfig */ = {isa = PBXFileReference; includeInIndex = 1; lastKnownFileType = text.xcconfig; name = Pods.debug.xcconfig; path = "Pods/Target Support Files/Pods/Pods.debug.xcconfig"; sourceTree = "<group>"; };
		B54A6CD3F3426144CC6768CC /* libPods.a */ = {isa = PBXFileReference; explicitFileType = archive.ar; includeInIndex = 0; path = libPods.a; sourceTree = BUILT_PRODUCTS_DIR; };
		CA94042FD235B5154105FE58 /* Pods.release.xcconfig */ = {isa = PBXFileReference; includeInIndex = 1; lastKnownFileType = text.xcconfig; name = Pods.release.xcconfig; path = "Pods/Target Support Files/Pods/Pods.release.xcconfig"; sourceTree = "<group>"; };
/* End PBXFileReference section */

/* Begin PBXFrameworksBuildPhase section */
		1883D8DC1ACB99AC002A4D19 /* Frameworks */ = {
			isa = PBXFrameworksBuildPhase;
			buildActionMask = 2147483647;
			files = (
				189B31161ADBDF07001D7288 /* MobileCoreServices.framework in Frameworks */,
				06380E56572F1DCE6105BE83 /* libPods.a in Frameworks */,
			);
			runOnlyForDeploymentPostprocessing = 0;
		};
		1883D8F51ACB99AC002A4D19 /* Frameworks */ = {
			isa = PBXFrameworksBuildPhase;
			buildActionMask = 2147483647;
			files = (
			);
			runOnlyForDeploymentPostprocessing = 0;
		};
/* End PBXFrameworksBuildPhase section */

/* Begin PBXGroup section */
		1816F4921ACD3AFE00BBCC96 /* Vendor */ = {
			isa = PBXGroup;
			children = (
				189B31111ADB60AD001D7288 /* JGActionSheet */,
				1816F4931ACD3B0900BBCC96 /* SYPaginator */,
			);
			path = Vendor;
			sourceTree = "<group>";
		};
		1816F4931ACD3B0900BBCC96 /* SYPaginator */ = {
			isa = PBXGroup;
			children = (
				1816F4941ACD3B0900BBCC96 /* NSBundle+SYPaginator.h */,
				1816F4951ACD3B0900BBCC96 /* NSBundle+SYPaginator.m */,
				1816F4961ACD3B0900BBCC96 /* SYPageControl.h */,
				1816F4971ACD3B0900BBCC96 /* SYPageControl.m */,
				1816F4981ACD3B0900BBCC96 /* SYPageView.h */,
				1816F4991ACD3B0900BBCC96 /* SYPageView.m */,
				1816F49A1ACD3B0900BBCC96 /* SYPaginator.h */,
				1816F49B1ACD3B0900BBCC96 /* SYPaginatorResources-Info.plist */,
				1816F49C1ACD3B0900BBCC96 /* SYPaginatorScrollView.h */,
				1816F49D1ACD3B0900BBCC96 /* SYPaginatorScrollView.m */,
				1816F49E1ACD3B0900BBCC96 /* SYPaginatorView.h */,
				1816F49F1ACD3B0900BBCC96 /* SYPaginatorView.m */,
				1816F4A01ACD3B0900BBCC96 /* SYPaginatorViewController.h */,
				1816F4A11ACD3B0900BBCC96 /* SYPaginatorViewController.m */,
			);
			path = SYPaginator;
			sourceTree = "<group>";
		};
		1816F4AD1ACE75C900BBCC96 /* CarWash */ = {
			isa = PBXGroup;
			children = (
				1816F4AE1ACE75FB00BBCC96 /* CarWashTableVC.h */,
				1816F4AF1ACE75FB00BBCC96 /* CarWashTableVC.m */,
				184E40CB1AD3BB9500EFC3A6 /* Shop */,
				189B30B41AD505D6001D7288 /* Pay */,
			);
			name = CarWash;
			sourceTree = "<group>";
		};
		1816F4B11ACE762900BBCC96 /* Category */ = {
			isa = PBXGroup;
			children = (
				189B31041AD7B7F5001D7288 /* UIView+Shake.h */,
				189B31051AD7B7F5001D7288 /* UIView+Shake.m */,
				189B30D21AD799AF001D7288 /* RACSignal+Extension.h */,
				189B30D31AD799AF001D7288 /* RACSignal+Extension.m */,
				189B30B11AD4F7AC001D7288 /* UIView+CustomForXIB.h */,
				189B30B21AD4F7AC001D7288 /* UIView+CustomForXIB.m */,
				184E40C41AD3B58F00EFC3A6 /* UIView+Layer.h */,
				184E40C51AD3B58F00EFC3A6 /* UIView+Layer.m */,
				1816F4B21ACE767200BBCC96 /* UIStoryboard+Expansion.h */,
				1816F4B31ACE767200BBCC96 /* UIStoryboard+Expansion.m */,
			);
			name = Category;
			sourceTree = "<group>";
		};
		1816F4B51AD36D5100BBCC96 /* Component */ = {
			isa = PBXGroup;
			children = (
				189B30CE1AD782C1001D7288 /* SignalSupport */,
				189B30AA1AD4D62C001D7288 /* TableAutoHeight */,
				184E40C71AD3B6C700EFC3A6 /* Cell */,
				1816F4BA1AD3A88F00BBCC96 /* Navigation */,
				1816F4B91AD3A88300BBCC96 /* RatingView */,
			);
			name = Component;
			sourceTree = "<group>";
		};
		1816F4B91AD3A88300BBCC96 /* RatingView */ = {
			isa = PBXGroup;
			children = (
				1816F4B61AD36D9E00BBCC96 /* JTRatingView.h */,
				1816F4B71AD36D9E00BBCC96 /* JTRatingView.m */,
			);
			name = RatingView;
			sourceTree = "<group>";
		};
		1816F4BA1AD3A88F00BBCC96 /* Navigation */ = {
			isa = PBXGroup;
			children = (
				1816F4BB1AD3A8AD00BBCC96 /* JTNavigationController.h */,
				1816F4BC1AD3A8AD00BBCC96 /* JTNavigationController.m */,
				184E40C11AD3B3BE00EFC3A6 /* UIBarButtonItem+CustomStyle.h */,
				184E40C21AD3B3BE00EFC3A6 /* UIBarButtonItem+CustomStyle.m */,
			);
			name = Navigation;
			sourceTree = "<group>";
		};
		184E40C71AD3B6C700EFC3A6 /* Cell */ = {
			isa = PBXGroup;
			children = (
				184E40C81AD3B6DC00EFC3A6 /* JTTableViewCell.h */,
				184E40C91AD3B6DC00EFC3A6 /* JTTableViewCell.m */,
			);
			name = Cell;
			sourceTree = "<group>";
		};
		184E40CB1AD3BB9500EFC3A6 /* Shop */ = {
			isa = PBXGroup;
			children = (
				184E40CC1AD3BBB600EFC3A6 /* ShopDetailVC.h */,
				184E40CD1AD3BBB600EFC3A6 /* ShopDetailVC.m */,
			);
			name = Shop;
			sourceTree = "<group>";
		};
		184E40CF1AD3CFF300EFC3A6 /* Dataset */ = {
			isa = PBXGroup;
			children = (
				184E40D01AD3D01B00EFC3A6 /* JTShop.h */,
				184E40D11AD3D01B00EFC3A6 /* JTShop.m */,
				189B30B81AD51EF2001D7288 /* JTUser.h */,
				189B30B91AD51EF2001D7288 /* JTUser.m */,
			);
			name = Dataset;
			sourceTree = "<group>";
		};
		1883D8D61ACB99AC002A4D19 = {
			isa = PBXGroup;
			children = (
				1883D8E11ACB99AC002A4D19 /* XiaoMa */,
				1883D8FB1ACB99AC002A4D19 /* XiaoMaTests */,
				1883D8E01ACB99AC002A4D19 /* Products */,
				C5BD8500918CA8D253037804 /* Pods */,
				C8447CD201C36C94165168FF /* Frameworks */,
			);
			sourceTree = "<group>";
		};
		1883D8E01ACB99AC002A4D19 /* Products */ = {
			isa = PBXGroup;
			children = (
				1883D8DF1ACB99AC002A4D19 /* XiaoMa.app */,
				1883D8F81ACB99AC002A4D19 /* XiaoMaTests.xctest */,
			);
			name = Products;
			sourceTree = "<group>";
		};
		1883D8E11ACB99AC002A4D19 /* XiaoMa */ = {
			isa = PBXGroup;
			children = (
				1816F4B51AD36D5100BBCC96 /* Component */,
				1816F4B11ACE762900BBCC96 /* Category */,
				1816F4921ACD3AFE00BBCC96 /* Vendor */,
				1883D9301ACCDA7A002A4D19 /* Model */,
				1883D91E1ACBC2F5002A4D19 /* Network */,
				1883D91A1ACBC2E4002A4D19 /* View */,
				1883D9161ACBBE7A002A4D19 /* Singleton */,
				1883D9121ACBBE5E002A4D19 /* Resource */,
				1883D8E21ACB99AC002A4D19 /* Supporting Files */,
			);
			path = XiaoMa;
			sourceTree = "<group>";
		};
		1883D8E21ACB99AC002A4D19 /* Supporting Files */ = {
			isa = PBXGroup;
			children = (
				1883D90F1ACBBE30002A4D19 /* main.m */,
			);
			name = "Supporting Files";
			sourceTree = "<group>";
		};
		1883D8FB1ACB99AC002A4D19 /* XiaoMaTests */ = {
			isa = PBXGroup;
			children = (
				1883D8FE1ACB99AC002A4D19 /* XiaoMaTests.m */,
				1883D8FC1ACB99AC002A4D19 /* Supporting Files */,
			);
			path = XiaoMaTests;
			sourceTree = "<group>";
		};
		1883D8FC1ACB99AC002A4D19 /* Supporting Files */ = {
			isa = PBXGroup;
			children = (
				1883D8FD1ACB99AC002A4D19 /* Info.plist */,
			);
			name = "Supporting Files";
			sourceTree = "<group>";
		};
		1883D9121ACBBE5E002A4D19 /* Resource */ = {
			isa = PBXGroup;
			children = (
				189B311B1ADBEFCC001D7288 /* JSON */,
				1883D9151ACBBE68002A4D19 /* Storyboard */,
				1883D9131ACBBE5E002A4D19 /* Images.xcassets */,
			);
			path = Resource;
			sourceTree = "<group>";
		};
		1883D9151ACBBE68002A4D19 /* Storyboard */ = {
			isa = PBXGroup;
			children = (
				1883D9201ACBC418002A4D19 /* Main.storyboard */,
				1883D8F11ACB99AC002A4D19 /* LaunchScreen.xib */,
				1816F4AA1ACE74C000BBCC96 /* Carwash.storyboard */,
				189B30C81AD664F5001D7288 /* Insurance.storyboard */,
				189B30FD1AD7A85A001D7288 /* Common.storyboard */,
			);
			name = Storyboard;
			sourceTree = "<group>";
		};
		1883D9161ACBBE7A002A4D19 /* Singleton */ = {
			isa = PBXGroup;
			children = (
				1883D9171ACBC2E0002A4D19 /* AppDelegate.h */,
				1883D9181ACBC2E0002A4D19 /* AppDelegate.m */,
				189B30BB1AD524EC001D7288 /* AppManager.h */,
				189B30BC1AD524EC001D7288 /* AppManager.m */,
				1883D9231ACBC4A9002A4D19 /* XiaoMa.h */,
				187532D01ACCDD58004CB777 /* Contants.h */,
			);
			name = Singleton;
			sourceTree = "<group>";
		};
		1883D91A1ACBC2E4002A4D19 /* View */ = {
			isa = PBXGroup;
			children = (
				189B31001AD7A921001D7288 /* Common */,
				189B30C41AD6649A001D7288 /* Insurance */,
				1816F4AD1ACE75C900BBCC96 /* CarWash */,
				1883D9281ACCD80F002A4D19 /* Home */,
				1883D9241ACCD689002A4D19 /* MainTab */,
			);
			name = View;
			path = Class;
			sourceTree = "<group>";
		};
		1883D91E1ACBC2F5002A4D19 /* Network */ = {
			isa = PBXGroup;
			children = (
			);
			name = Network;
			sourceTree = "<group>";
		};
		1883D9241ACCD689002A4D19 /* MainTab */ = {
			isa = PBXGroup;
			children = (
				1883D9251ACCD6C0002A4D19 /* MainTabBarVC.h */,
				1883D9261ACCD6C0002A4D19 /* MainTabBarVC.m */,
			);
			name = MainTab;
			sourceTree = "<group>";
		};
		1883D9281ACCD80F002A4D19 /* Home */ = {
			isa = PBXGroup;
			children = (
				187532D11ACCDEEF004CB777 /* HomePageVC.h */,
				187532D21ACCDEEF004CB777 /* HomePageVC.m */,
			);
			name = Home;
			sourceTree = "<group>";
		};
		1883D9301ACCDA7A002A4D19 /* Model */ = {
			isa = PBXGroup;
			children = (
				184E40CF1AD3CFF300EFC3A6 /* Dataset */,
				1883D9311ACCDA8B002A4D19 /* DefaultStyleModel.h */,
				1883D9321ACCDA8B002A4D19 /* DefaultStyleModel.m */,
			);
			name = Model;
			sourceTree = "<group>";
		};
		189B30AA1AD4D62C001D7288 /* TableAutoHeight */ = {
			isa = PBXGroup;
			children = (
				189B30AB1AD4D661001D7288 /* JTLabel.h */,
				189B30AC1AD4D661001D7288 /* JTLabel.m */,
				189B30AD1AD4D661001D7288 /* JTTableViewController.h */,
				189B30AE1AD4D661001D7288 /* JTTableViewController.m */,
			);
			name = TableAutoHeight;
			sourceTree = "<group>";
		};
		189B30B41AD505D6001D7288 /* Pay */ = {
			isa = PBXGroup;
			children = (
				189B30B51AD50627001D7288 /* PayForWashCarVC.h */,
				189B30B61AD50627001D7288 /* PayForWashCarVC.m */,
				189B30C11AD64310001D7288 /* ChooseCarwashTicketVC.h */,
				189B30C21AD64310001D7288 /* ChooseCarwashTicketVC.m */,
				189B30BE1AD62E57001D7288 /* PaymentSuccessVC.h */,
				189B30BF1AD62E57001D7288 /* PaymentSuccessVC.m */,
			);
			name = Pay;
			sourceTree = "<group>";
		};
		189B30C41AD6649A001D7288 /* Insurance */ = {
			isa = PBXGroup;
			children = (
				189B31171ADBEBA0001D7288 /* DirectSelling */,
				189B310D1ADA5911001D7288 /* Enquiry */,
				189B30C51AD664D7001D7288 /* InsuranceVC.h */,
				189B30C61AD664D7001D7288 /* InsuranceVC.m */,
			);
			name = Insurance;
			sourceTree = "<group>";
		};
		189B30CE1AD782C1001D7288 /* SignalSupport */ = {
			isa = PBXGroup;
			children = (
			);
			name = SignalSupport;
			sourceTree = "<group>";
		};
		189B31001AD7A921001D7288 /* Common */ = {
			isa = PBXGroup;
			children = (
				189B31011AD7A935001D7288 /* DatePackerVC.h */,
				189B31021AD7A935001D7288 /* DatePackerVC.m */,
			);
			name = Common;
			sourceTree = "<group>";
		};
		189B310D1ADA5911001D7288 /* Enquiry */ = {
			isa = PBXGroup;
			children = (
				189B30CB1AD762B1001D7288 /* EnquiryInsuranceVC.h */,
				189B30CC1AD762B1001D7288 /* EnquiryInsuranceVC.m */,
				189B310A1ADA499C001D7288 /* EnquiryResultVC.h */,
				189B310B1ADA499C001D7288 /* EnquiryResultVC.m */,
				189B310E1ADA597D001D7288 /* UploadInfomationVC.h */,
				189B310F1ADA597D001D7288 /* UploadInfomationVC.m */,
			);
			name = Enquiry;
			sourceTree = "<group>";
		};
		189B31111ADB60AD001D7288 /* JGActionSheet */ = {
			isa = PBXGroup;
			children = (
				189B31121ADB60AD001D7288 /* JGActionSheet.h */,
				189B31131ADB60AD001D7288 /* JGActionSheet.m */,
			);
			path = JGActionSheet;
			sourceTree = "<group>";
		};
		189B31171ADBEBA0001D7288 /* DirectSelling */ = {
			isa = PBXGroup;
			children = (
				189B31071AD7C5B3001D7288 /* InsuranceDirectSellingVC.h */,
				189B31081AD7C5B3001D7288 /* InsuranceDirectSellingVC.m */,
				189B31181ADBEBE8001D7288 /* PolicyInfomationVC.h */,
				189B31191ADBEBE8001D7288 /* PolicyInfomationVC.m */,
			);
			name = DirectSelling;
			sourceTree = "<group>";
		};
		189B311B1ADBEFCC001D7288 /* JSON */ = {
			isa = PBXGroup;
			children = (
				189B311C1ADBEFDF001D7288 /* policy.json */,
			);
			path = JSON;
			sourceTree = "<group>";
		};
		C5BD8500918CA8D253037804 /* Pods */ = {
			isa = PBXGroup;
			children = (
				5F0CC23904D0FBCA1BB95DFB /* Pods.debug.xcconfig */,
				CA94042FD235B5154105FE58 /* Pods.release.xcconfig */,
			);
			name = Pods;
			sourceTree = "<group>";
		};
		C8447CD201C36C94165168FF /* Frameworks */ = {
			isa = PBXGroup;
			children = (
				189B31151ADBDF07001D7288 /* MobileCoreServices.framework */,
				B54A6CD3F3426144CC6768CC /* libPods.a */,
			);
			name = Frameworks;
			sourceTree = "<group>";
		};
/* End PBXGroup section */

/* Begin PBXNativeTarget section */
		1883D8DE1ACB99AC002A4D19 /* XiaoMa */ = {
			isa = PBXNativeTarget;
			buildConfigurationList = 1883D9021ACB99AC002A4D19 /* Build configuration list for PBXNativeTarget "XiaoMa" */;
			buildPhases = (
				CD8A2DC7E0FE392AD26DEF18 /* Check Pods Manifest.lock */,
				1883D8DB1ACB99AC002A4D19 /* Sources */,
				1883D8DC1ACB99AC002A4D19 /* Frameworks */,
				1883D8DD1ACB99AC002A4D19 /* Resources */,
				A104FC05B6EB7D321E22B017 /* Copy Pods Resources */,
			);
			buildRules = (
			);
			dependencies = (
			);
			name = XiaoMa;
			productName = XiaoMa;
			productReference = 1883D8DF1ACB99AC002A4D19 /* XiaoMa.app */;
			productType = "com.apple.product-type.application";
		};
		1883D8F71ACB99AC002A4D19 /* XiaoMaTests */ = {
			isa = PBXNativeTarget;
			buildConfigurationList = 1883D9051ACB99AC002A4D19 /* Build configuration list for PBXNativeTarget "XiaoMaTests" */;
			buildPhases = (
				1883D8F41ACB99AC002A4D19 /* Sources */,
				1883D8F51ACB99AC002A4D19 /* Frameworks */,
				1883D8F61ACB99AC002A4D19 /* Resources */,
			);
			buildRules = (
			);
			dependencies = (
				1883D8FA1ACB99AC002A4D19 /* PBXTargetDependency */,
			);
			name = XiaoMaTests;
			productName = XiaoMaTests;
			productReference = 1883D8F81ACB99AC002A4D19 /* XiaoMaTests.xctest */;
			productType = "com.apple.product-type.bundle.unit-test";
		};
/* End PBXNativeTarget section */

/* Begin PBXProject section */
		1883D8D71ACB99AC002A4D19 /* Project object */ = {
			isa = PBXProject;
			attributes = {
				LastUpgradeCheck = 0620;
				ORGANIZATIONNAME = jiangjunchen;
				TargetAttributes = {
					1883D8DE1ACB99AC002A4D19 = {
						CreatedOnToolsVersion = 6.2;
					};
					1883D8F71ACB99AC002A4D19 = {
						CreatedOnToolsVersion = 6.2;
						TestTargetID = 1883D8DE1ACB99AC002A4D19;
					};
				};
			};
			buildConfigurationList = 1883D8DA1ACB99AC002A4D19 /* Build configuration list for PBXProject "XiaoMa" */;
			compatibilityVersion = "Xcode 3.2";
			developmentRegion = English;
			hasScannedForEncodings = 0;
			knownRegions = (
				en,
				Base,
			);
			mainGroup = 1883D8D61ACB99AC002A4D19;
			productRefGroup = 1883D8E01ACB99AC002A4D19 /* Products */;
			projectDirPath = "";
			projectRoot = "";
			targets = (
				1883D8DE1ACB99AC002A4D19 /* XiaoMa */,
				1883D8F71ACB99AC002A4D19 /* XiaoMaTests */,
			);
		};
/* End PBXProject section */

/* Begin PBXResourcesBuildPhase section */
		1883D8DD1ACB99AC002A4D19 /* Resources */ = {
			isa = PBXResourcesBuildPhase;
			buildActionMask = 2147483647;
			files = (
				1883D9221ACBC418002A4D19 /* Main.storyboard in Resources */,
				189B30CA1AD664F5001D7288 /* Insurance.storyboard in Resources */,
				1883D8F31ACB99AC002A4D19 /* LaunchScreen.xib in Resources */,
				189B311D1ADBEFDF001D7288 /* policy.json in Resources */,
				189B30FF1AD7A85A001D7288 /* Common.storyboard in Resources */,
				1816F4A51ACD3B0900BBCC96 /* SYPaginatorResources-Info.plist in Resources */,
				1883D9141ACBBE5E002A4D19 /* Images.xcassets in Resources */,
				1816F4AC1ACE74C000BBCC96 /* Carwash.storyboard in Resources */,
			);
			runOnlyForDeploymentPostprocessing = 0;
		};
		1883D8F61ACB99AC002A4D19 /* Resources */ = {
			isa = PBXResourcesBuildPhase;
			buildActionMask = 2147483647;
			files = (
			);
			runOnlyForDeploymentPostprocessing = 0;
		};
/* End PBXResourcesBuildPhase section */

/* Begin PBXShellScriptBuildPhase section */
		A104FC05B6EB7D321E22B017 /* Copy Pods Resources */ = {
			isa = PBXShellScriptBuildPhase;
			buildActionMask = 2147483647;
			files = (
			);
			inputPaths = (
			);
			name = "Copy Pods Resources";
			outputPaths = (
			);
			runOnlyForDeploymentPostprocessing = 0;
			shellPath = /bin/sh;
			shellScript = "\"${SRCROOT}/Pods/Target Support Files/Pods/Pods-resources.sh\"\n";
			showEnvVarsInLog = 0;
		};
		CD8A2DC7E0FE392AD26DEF18 /* Check Pods Manifest.lock */ = {
			isa = PBXShellScriptBuildPhase;
			buildActionMask = 2147483647;
			files = (
			);
			inputPaths = (
			);
			name = "Check Pods Manifest.lock";
			outputPaths = (
			);
			runOnlyForDeploymentPostprocessing = 0;
			shellPath = /bin/sh;
			shellScript = "diff \"${PODS_ROOT}/../Podfile.lock\" \"${PODS_ROOT}/Manifest.lock\" > /dev/null\nif [[ $? != 0 ]] ; then\n    cat << EOM\nerror: The sandbox is not in sync with the Podfile.lock. Run 'pod install' or update your CocoaPods installation.\nEOM\n    exit 1\nfi\n";
			showEnvVarsInLog = 0;
		};
/* End PBXShellScriptBuildPhase section */

/* Begin PBXSourcesBuildPhase section */
		1883D8DB1ACB99AC002A4D19 /* Sources */ = {
			isa = PBXSourcesBuildPhase;
			buildActionMask = 2147483647;
			files = (
				1816F4A71ACD3B0900BBCC96 /* SYPaginatorView.m in Sources */,
				189B31101ADA597D001D7288 /* UploadInfomationVC.m in Sources */,
				1816F4BD1AD3A8AD00BBCC96 /* JTNavigationController.m in Sources */,
				1816F4B01ACE75FB00BBCC96 /* CarWashTableVC.m in Sources */,
				1816F4A31ACD3B0900BBCC96 /* SYPageControl.m in Sources */,
				1883D9191ACBC2E0002A4D19 /* AppDelegate.m in Sources */,
				189B30BD1AD524EC001D7288 /* AppManager.m in Sources */,
				189B30D41AD799AF001D7288 /* RACSignal+Extension.m in Sources */,
				184E40CE1AD3BBB600EFC3A6 /* ShopDetailVC.m in Sources */,
				184E40CA1AD3B6DC00EFC3A6 /* JTTableViewCell.m in Sources */,
				189B31091AD7C5B3001D7288 /* InsuranceDirectSellingVC.m in Sources */,
				189B30C01AD62E57001D7288 /* PaymentSuccessVC.m in Sources */,
				189B30CD1AD762B1001D7288 /* EnquiryInsuranceVC.m in Sources */,
				189B30B01AD4D661001D7288 /* JTTableViewController.m in Sources */,
				1883D9331ACCDA8B002A4D19 /* DefaultStyleModel.m in Sources */,
				189B30BA1AD51EF2001D7288 /* JTUser.m in Sources */,
				1816F4B41ACE767200BBCC96 /* UIStoryboard+Expansion.m in Sources */,
				189B30B31AD4F7AC001D7288 /* UIView+CustomForXIB.m in Sources */,
				1816F4A41ACD3B0900BBCC96 /* SYPageView.m in Sources */,
				1816F4B81AD36D9E00BBCC96 /* JTRatingView.m in Sources */,
				189B311A1ADBEBE8001D7288 /* PolicyInfomationVC.m in Sources */,
				187532D31ACCDEEF004CB777 /* HomePageVC.m in Sources */,
				1883D9101ACBBE30002A4D19 /* main.m in Sources */,
				189B30B71AD50627001D7288 /* PayForWashCarVC.m in Sources */,
				184E40C61AD3B58F00EFC3A6 /* UIView+Layer.m in Sources */,
				189B310C1ADA499C001D7288 /* EnquiryResultVC.m in Sources */,
				189B31031AD7A935001D7288 /* DatePackerVC.m in Sources */,
				189B30AF1AD4D661001D7288 /* JTLabel.m in Sources */,
				189B31061AD7B7F5001D7288 /* UIView+Shake.m in Sources */,
				1816F4A81ACD3B0900BBCC96 /* SYPaginatorViewController.m in Sources */,
				189B31141ADB60AE001D7288 /* JGActionSheet.m in Sources */,
				184E40D21AD3D01B00EFC3A6 /* JTShop.m in Sources */,
				1816F4A61ACD3B0900BBCC96 /* SYPaginatorScrollView.m in Sources */,
				184E40C31AD3B3BE00EFC3A6 /* UIBarButtonItem+CustomStyle.m in Sources */,
				189B30C31AD64310001D7288 /* ChooseCarwashTicketVC.m in Sources */,
				1816F4A21ACD3B0900BBCC96 /* NSBundle+SYPaginator.m in Sources */,
				189B30C71AD664D7001D7288 /* InsuranceVC.m in Sources */,
				1883D9271ACCD6C0002A4D19 /* MainTabBarVC.m in Sources */,
			);
			runOnlyForDeploymentPostprocessing = 0;
		};
		1883D8F41ACB99AC002A4D19 /* Sources */ = {
			isa = PBXSourcesBuildPhase;
			buildActionMask = 2147483647;
			files = (
				1883D8FF1ACB99AC002A4D19 /* XiaoMaTests.m in Sources */,
			);
			runOnlyForDeploymentPostprocessing = 0;
		};
/* End PBXSourcesBuildPhase section */

/* Begin PBXTargetDependency section */
		1883D8FA1ACB99AC002A4D19 /* PBXTargetDependency */ = {
			isa = PBXTargetDependency;
			target = 1883D8DE1ACB99AC002A4D19 /* XiaoMa */;
			targetProxy = 1883D8F91ACB99AC002A4D19 /* PBXContainerItemProxy */;
		};
/* End PBXTargetDependency section */

/* Begin PBXVariantGroup section */
		1816F4AA1ACE74C000BBCC96 /* Carwash.storyboard */ = {
			isa = PBXVariantGroup;
			children = (
				1816F4AB1ACE74C000BBCC96 /* Base */,
			);
			name = Carwash.storyboard;
			sourceTree = "<group>";
		};
		1883D8F11ACB99AC002A4D19 /* LaunchScreen.xib */ = {
			isa = PBXVariantGroup;
			children = (
				1883D8F21ACB99AC002A4D19 /* Base */,
			);
			name = LaunchScreen.xib;
			path = ..;
			sourceTree = "<group>";
		};
		1883D9201ACBC418002A4D19 /* Main.storyboard */ = {
			isa = PBXVariantGroup;
			children = (
				1883D9211ACBC418002A4D19 /* Base */,
			);
			name = Main.storyboard;
			sourceTree = "<group>";
		};
		189B30C81AD664F5001D7288 /* Insurance.storyboard */ = {
			isa = PBXVariantGroup;
			children = (
				189B30C91AD664F5001D7288 /* Base */,
			);
			name = Insurance.storyboard;
			sourceTree = "<group>";
		};
		189B30FD1AD7A85A001D7288 /* Common.storyboard */ = {
			isa = PBXVariantGroup;
			children = (
				189B30FE1AD7A85A001D7288 /* Base */,
			);
			name = Common.storyboard;
			sourceTree = "<group>";
		};
/* End PBXVariantGroup section */

/* Begin XCBuildConfiguration section */
		1883D9001ACB99AC002A4D19 /* Debug */ = {
			isa = XCBuildConfiguration;
			buildSettings = {
				ALWAYS_SEARCH_USER_PATHS = NO;
				CLANG_CXX_LANGUAGE_STANDARD = "gnu++0x";
				CLANG_CXX_LIBRARY = "libc++";
				CLANG_ENABLE_MODULES = YES;
				CLANG_ENABLE_OBJC_ARC = YES;
				CLANG_WARN_BOOL_CONVERSION = YES;
				CLANG_WARN_CONSTANT_CONVERSION = YES;
				CLANG_WARN_DIRECT_OBJC_ISA_USAGE = YES_ERROR;
				CLANG_WARN_EMPTY_BODY = YES;
				CLANG_WARN_ENUM_CONVERSION = YES;
				CLANG_WARN_INT_CONVERSION = YES;
				CLANG_WARN_OBJC_ROOT_CLASS = YES_ERROR;
				CLANG_WARN_UNREACHABLE_CODE = YES;
				CLANG_WARN__DUPLICATE_METHOD_MATCH = YES;
				"CODE_SIGN_IDENTITY[sdk=iphoneos*]" = "iPhone Developer";
				COPY_PHASE_STRIP = NO;
				ENABLE_STRICT_OBJC_MSGSEND = YES;
				GCC_C_LANGUAGE_STANDARD = gnu99;
				GCC_DYNAMIC_NO_PIC = NO;
				GCC_OPTIMIZATION_LEVEL = 0;
				GCC_PREPROCESSOR_DEFINITIONS = (
					"DEBUG=1",
					"$(inherited)",
				);
				GCC_SYMBOLS_PRIVATE_EXTERN = NO;
				GCC_WARN_64_TO_32_BIT_CONVERSION = YES;
				GCC_WARN_ABOUT_RETURN_TYPE = YES_ERROR;
				GCC_WARN_UNDECLARED_SELECTOR = YES;
				GCC_WARN_UNINITIALIZED_AUTOS = YES_AGGRESSIVE;
				GCC_WARN_UNUSED_FUNCTION = YES;
				GCC_WARN_UNUSED_VARIABLE = YES;
				IPHONEOS_DEPLOYMENT_TARGET = 6.0;
				MTL_ENABLE_DEBUG_INFO = YES;
				ONLY_ACTIVE_ARCH = YES;
				SDKROOT = iphoneos;
			};
			name = Debug;
		};
		1883D9011ACB99AC002A4D19 /* Release */ = {
			isa = XCBuildConfiguration;
			buildSettings = {
				ALWAYS_SEARCH_USER_PATHS = NO;
				CLANG_CXX_LANGUAGE_STANDARD = "gnu++0x";
				CLANG_CXX_LIBRARY = "libc++";
				CLANG_ENABLE_MODULES = YES;
				CLANG_ENABLE_OBJC_ARC = YES;
				CLANG_WARN_BOOL_CONVERSION = YES;
				CLANG_WARN_CONSTANT_CONVERSION = YES;
				CLANG_WARN_DIRECT_OBJC_ISA_USAGE = YES_ERROR;
				CLANG_WARN_EMPTY_BODY = YES;
				CLANG_WARN_ENUM_CONVERSION = YES;
				CLANG_WARN_INT_CONVERSION = YES;
				CLANG_WARN_OBJC_ROOT_CLASS = YES_ERROR;
				CLANG_WARN_UNREACHABLE_CODE = YES;
				CLANG_WARN__DUPLICATE_METHOD_MATCH = YES;
				"CODE_SIGN_IDENTITY[sdk=iphoneos*]" = "iPhone Developer";
				COPY_PHASE_STRIP = NO;
				ENABLE_NS_ASSERTIONS = NO;
				ENABLE_STRICT_OBJC_MSGSEND = YES;
				GCC_C_LANGUAGE_STANDARD = gnu99;
				GCC_WARN_64_TO_32_BIT_CONVERSION = YES;
				GCC_WARN_ABOUT_RETURN_TYPE = YES_ERROR;
				GCC_WARN_UNDECLARED_SELECTOR = YES;
				GCC_WARN_UNINITIALIZED_AUTOS = YES_AGGRESSIVE;
				GCC_WARN_UNUSED_FUNCTION = YES;
				GCC_WARN_UNUSED_VARIABLE = YES;
				IPHONEOS_DEPLOYMENT_TARGET = 6.0;
				MTL_ENABLE_DEBUG_INFO = NO;
				SDKROOT = iphoneos;
				VALIDATE_PRODUCT = YES;
			};
			name = Release;
		};
		1883D9031ACB99AC002A4D19 /* Debug */ = {
			isa = XCBuildConfiguration;
			baseConfigurationReference = 5F0CC23904D0FBCA1BB95DFB /* Pods.debug.xcconfig */;
			buildSettings = {
				ASSETCATALOG_COMPILER_APPICON_NAME = AppIcon;
				ASSETCATALOG_COMPILER_LAUNCHIMAGE_NAME = LaunchImage;
				CODE_SIGN_IDENTITY = "iPhone Developer: fang wei (KXBH2Y68BE)";
				INFOPLIST_FILE = XiaoMa/Misc/Info.plist;
				IPHONEOS_DEPLOYMENT_TARGET = 6.0;
				LD_RUNPATH_SEARCH_PATHS = "$(inherited) @executable_path/Frameworks";
				PRODUCT_NAME = "$(TARGET_NAME)";
				PROVISIONING_PROFILE = "7ce6c275-fbb9-4c39-8f3b-8cb6ebc2590e";
			};
			name = Debug;
		};
		1883D9041ACB99AC002A4D19 /* Release */ = {
			isa = XCBuildConfiguration;
			baseConfigurationReference = CA94042FD235B5154105FE58 /* Pods.release.xcconfig */;
			buildSettings = {
				ASSETCATALOG_COMPILER_APPICON_NAME = AppIcon;
				ASSETCATALOG_COMPILER_LAUNCHIMAGE_NAME = LaunchImage;
				CODE_SIGN_IDENTITY = "iPhone Distribution: Suzhou Longtang Information and Technology Co.,Ltd";
				"CODE_SIGN_IDENTITY[sdk=iphoneos*]" = "iPhone Distribution: Suzhou Longtang Information and Technology Co.,Ltd";
				INFOPLIST_FILE = XiaoMa/Misc/Info.plist;
				IPHONEOS_DEPLOYMENT_TARGET = 6.0;
				LD_RUNPATH_SEARCH_PATHS = "$(inherited) @executable_path/Frameworks";
				PRODUCT_NAME = "$(TARGET_NAME)";
				PROVISIONING_PROFILE = "5c663493-e5d0-4217-aed1-968a373e7675";
			};
			name = Release;
		};
		1883D9061ACB99AC002A4D19 /* Debug */ = {
			isa = XCBuildConfiguration;
			buildSettings = {
				BUNDLE_LOADER = "$(TEST_HOST)";
				FRAMEWORK_SEARCH_PATHS = (
					"$(SDKROOT)/Developer/Library/Frameworks",
					"$(inherited)",
				);
				GCC_PREPROCESSOR_DEFINITIONS = (
					"DEBUG=1",
					"$(inherited)",
				);
				INFOPLIST_FILE = XiaoMaTests/Info.plist;
				LD_RUNPATH_SEARCH_PATHS = "$(inherited) @executable_path/Frameworks @loader_path/Frameworks";
				PRODUCT_NAME = "$(TARGET_NAME)";
				TEST_HOST = "$(BUILT_PRODUCTS_DIR)/XiaoMa.app/XiaoMa";
			};
			name = Debug;
		};
		1883D9071ACB99AC002A4D19 /* Release */ = {
			isa = XCBuildConfiguration;
			buildSettings = {
				BUNDLE_LOADER = "$(TEST_HOST)";
				FRAMEWORK_SEARCH_PATHS = (
					"$(SDKROOT)/Developer/Library/Frameworks",
					"$(inherited)",
				);
				INFOPLIST_FILE = XiaoMaTests/Info.plist;
				LD_RUNPATH_SEARCH_PATHS = "$(inherited) @executable_path/Frameworks @loader_path/Frameworks";
				PRODUCT_NAME = "$(TARGET_NAME)";
				TEST_HOST = "$(BUILT_PRODUCTS_DIR)/XiaoMa.app/XiaoMa";
			};
			name = Release;
		};
/* End XCBuildConfiguration section */

/* Begin XCConfigurationList section */
		1883D8DA1ACB99AC002A4D19 /* Build configuration list for PBXProject "XiaoMa" */ = {
			isa = XCConfigurationList;
			buildConfigurations = (
				1883D9001ACB99AC002A4D19 /* Debug */,
				1883D9011ACB99AC002A4D19 /* Release */,
			);
			defaultConfigurationIsVisible = 0;
			defaultConfigurationName = Release;
		};
		1883D9021ACB99AC002A4D19 /* Build configuration list for PBXNativeTarget "XiaoMa" */ = {
			isa = XCConfigurationList;
			buildConfigurations = (
				1883D9031ACB99AC002A4D19 /* Debug */,
				1883D9041ACB99AC002A4D19 /* Release */,
			);
			defaultConfigurationIsVisible = 0;
			defaultConfigurationName = Release;
		};
		1883D9051ACB99AC002A4D19 /* Build configuration list for PBXNativeTarget "XiaoMaTests" */ = {
			isa = XCConfigurationList;
			buildConfigurations = (
				1883D9061ACB99AC002A4D19 /* Debug */,
				1883D9071ACB99AC002A4D19 /* Release */,
			);
			defaultConfigurationIsVisible = 0;
			defaultConfigurationName = Release;
		};
/* End XCConfigurationList section */
	};
	rootObject = 1883D8D71ACB99AC002A4D19 /* Project object */;
}
